
Microsoft Visual Studio Solution File, Format Version 12.00
# Visual Studio Version 16
VisualStudioVersion = 16.0.32929.386
MinimumVisualStudioVersion = 10.0.40219.1
Project("{FAE04EC0-301F-11D3-BF4B-00C04F79EFBC}") = "WebAppHangFire", "WebAppHangFire\WebAppHangFire.csproj", "{8271014D-E35F-481F-B126-4CDE4C4AEADA}"
EndProject
Global
	GlobalSection(SolutionConfigurationPlatforms) = preSolution
		Debug|Any CPU = Debug|Any CPU
		Release|Any CPU = Release|Any CPU
	EndGlobalSection
	GlobalSection(ProjectConfigurationPlatforms) = postSolution
		{8271014D-E35F-481F-B126-4CDE4C4AEADA}.Debug|Any CPU.ActiveCfg = Debug|Any CPU
		{8271014D-E35F-481F-B126-4CDE4C4AEADA}.Debug|Any CPU.Build.0 = Debug|Any CPU
		{8271014D-E35F-481F-B126-4CDE4C4AEADA}.Release|Any CPU.ActiveCfg = Release|Any CPU
		{8271014D-E35F-481F-B126-4CDE4C4AEADA}.Release|Any CPU.Build.0 = Release|Any CPU
	EndGlobalSection
	GlobalSection(SolutionProperties) = preSolution
		HideSolutionNode = FALSE
	EndGlobalSection
	GlobalSection(ExtensibilityGlobals) = postSolution
		SolutionGuid = {8827581F-6FCD-48CC-BE53-AD748DF4FDFD}
	EndGlobalSection
EndGlobal
